<?xml version="1.0" encoding="utf-8"?>
<Project ToolsVersion="4.0" xmlns="http://schemas.microsoft.com/developer/msbuild/2003">
  <ItemGroup>
    <Filter Include="utils">
      <UniqueIdentifier>{7921b858-10b5-41b8-b633-3757a011ee21}</UniqueIdentifier>
    </Filter>
    <Filter Include="inl">
      <UniqueIdentifier>{331b5124-f1a9-401c-8c32-90099a152598}</UniqueIdentifier>
    </Filter>
    <Filter Include="base">
      <UniqueIdentifier>{7af386db-8e76-4309-a308-211ccfbf75dc}</UniqueIdentifier>
    </Filter>
    <Filter Include="exact">
      <UniqueIdentifier>{00538b6f-f849-45dd-a1c4-22432437d068}</UniqueIdentifier>
    </Filter>
    <Filter Include="fuzz">
      <UniqueIdentifier>{00c68099-99a6-42e0-afff-a353253c532a}</UniqueIdentifier>
    </Filter>
    <Filter Include="macro">
      <UniqueIdentifier>{17e637b1-2dee-4ad3-a4a7-259a26ad62be}</UniqueIdentifier>
    </Filter>
    <Filter Include="macro\base">
      <UniqueIdentifier>{853d0534-b6a2-4cf2-8123-c24d885ae6e2}</UniqueIdentifier>
    </Filter>
    <Filter Include="macro\exact">
      <UniqueIdentifier>{9c94d860-f533-4c63-8dfe-6d98b8f0be73}</UniqueIdentifier>
    </Filter>
  </ItemGroup>
  <ItemGroup>
    <ClCompile Include="..\..\..\src\exact\mk_uint_128.c">
      <Filter>exact</Filter>
    </ClCompile>
    <ClCompile Include="..\..\..\src\exact\mk_uint_16.c">
      <Filter>exact</Filter>
    </ClCompile>
    <ClCompile Include="..\..\..\src\exact\mk_uint_32.c">
      <Filter>exact</Filter>
    </ClCompile>
    <ClCompile Include="..\..\..\src\exact\mk_uint_64.c">
      <Filter>exact</Filter>
    </ClCompile>
    <ClCompile Include="..\..\..\src\exact\mk_uint_8.c">
      <Filter>exact</Filter>
    </ClCompile>
    <ClCompile Include="..\..\..\src\fuzz\mk_uint_fuzz.c">
      <Filter>fuzz</Filter>
    </ClCompile>
    <ClCompile Include="..\..\..\src\fuzz\mk_uint_fuzz_16.c">
      <Filter>fuzz</Filter>
    </ClCompile>
    <ClCompile Include="..\..\..\src\fuzz\mk_uint_fuzz_32.c">
      <Filter>fuzz</Filter>
    </ClCompile>
    <ClCompile Include="..\..\..\src\fuzz\mk_uint_fuzz_64.c">
      <Filter>fuzz</Filter>
    </ClCompile>
    <ClCompile Include="..\..\..\src\fuzz\mk_uint_fuzz_8.c">
      <Filter>fuzz</Filter>
    </ClCompile>
    <ClCompile Include="..\..\..\src\inl\mk_uint.c">
      <Filter>inl</Filter>
    </ClCompile>
    <ClCompile Include="..\..\..\src\fuzz\mk_uint_fuzz_128.c">
      <Filter>fuzz</Filter>
    </ClCompile>
    <ClCompile Include="..\..\..\src\base\mk_uint_base_128.c">
      <Filter>base</Filter>
    </ClCompile>
    <ClCompile Include="..\..\..\src\base\mk_uint_base_char.c">
      <Filter>base</Filter>
    </ClCompile>
    <ClCompile Include="..\..\..\src\base\mk_uint_base_int.c">
      <Filter>base</Filter>
    </ClCompile>
    <ClCompile Include="..\..\..\src\base\mk_uint_base_llong.c">
      <Filter>base</Filter>
    </ClCompile>
    <ClCompile Include="..\..\..\src\base\mk_uint_base_long.c">
      <Filter>base</Filter>
    </ClCompile>
    <ClCompile Include="..\..\..\src\base\mk_uint_base_short.c">
      <Filter>base</Filter>
    </ClCompile>
  </ItemGroup>
  <ItemGroup>
    <ClInclude Include="..\..\..\src\exact\mk_uint_128.h">
      <Filter>exact</Filter>
    </ClInclude>
    <ClInclude Include="..\..\..\src\exact\mk_uint_16.h">
      <Filter>exact</Filter>
    </ClInclude>
    <ClInclude Include="..\..\..\src\exact\mk_uint_32.h">
      <Filter>exact</Filter>
    </ClInclude>
    <ClInclude Include="..\..\..\src\exact\mk_uint_64.h">
      <Filter>exact</Filter>
    </ClInclude>
    <ClInclude Include="..\..\..\src\exact\mk_uint_8.h">
      <Filter>exact</Filter>
    </ClInclude>
    <ClInclude Include="..\..\..\src\fuzz\mk_uint_fuzz_16.h">
      <Filter>fuzz</Filter>
    </ClInclude>
    <ClInclude Include="..\..\..\src\fuzz\mk_uint_fuzz_32.h">
      <Filter>fuzz</Filter>
    </ClInclude>
    <ClInclude Include="..\..\..\src\fuzz\mk_uint_fuzz_64.h">
      <Filter>fuzz</Filter>
    </ClInclude>
    <ClInclude Include="..\..\..\src\fuzz\mk_uint_fuzz_8.h">
      <Filter>fuzz</Filter>
    </ClInclude>
    <ClInclude Include="..\..\..\src\inl\mk_uint.h">
      <Filter>inl</Filter>
    </ClInclude>
    <ClInclude Include="..\..\..\src\utils\mk_assert.h">
      <Filter>utils</Filter>
    </ClInclude>
    <ClInclude Include="..\..\..\src\fuzz\mk_uint_fuzz_128.h">
      <Filter>fuzz</Filter>
    </ClInclude>
    <ClInclude Include="..\..\..\src\utils\mk_inline.h">
      <Filter>utils</Filter>
    </ClInclude>
    <ClInclude Include="..\..\..\src\macro\base\mk_uint_macro_base_128.h">
      <Filter>macro\base</Filter>
    </ClInclude>
    <ClInclude Include="..\..\..\src\macro\base\mk_uint_macro_base_char.h">
      <Filter>macro\base</Filter>
    </ClInclude>
    <ClInclude Include="..\..\..\src\macro\base\mk_uint_macro_base_int.h">
      <Filter>macro\base</Filter>
    </ClInclude>
    <ClInclude Include="..\..\..\src\macro\base\mk_uint_macro_base_llong.h">
      <Filter>macro\base</Filter>
    </ClInclude>
    <ClInclude Include="..\..\..\src\macro\base\mk_uint_macro_base_long.h">
      <Filter>macro\base</Filter>
    </ClInclude>
    <ClInclude Include="..\..\..\src\macro\base\mk_uint_macro_base_short.h">
      <Filter>macro\base</Filter>
    </ClInclude>
    <ClInclude Include="..\..\..\src\macro\base\mk_uint_macro_base_undef.h">
      <Filter>macro\base</Filter>
    </ClInclude>
    <ClInclude Include="..\..\..\src\macro\exact\mk_uint_macro_exact_128.h">
      <Filter>macro\exact</Filter>
    </ClInclude>
    <ClInclude Include="..\..\..\src\macro\exact\mk_uint_macro_exact_16.h">
      <Filter>macro\exact</Filter>
    </ClInclude>
    <ClInclude Include="..\..\..\src\macro\exact\mk_uint_macro_exact_32.h">
      <Filter>macro\exact</Filter>
    </ClInclude>
    <ClInclude Include="..\..\..\src\macro\exact\mk_uint_macro_exact_64.h">
      <Filter>macro\exact</Filter>
    </ClInclude>
    <ClInclude Include="..\..\..\src\macro\exact\mk_uint_macro_exact_8.h">
      <Filter>macro\exact</Filter>
    </ClInclude>
    <ClInclude Include="..\..\..\src\macro\exact\mk_uint_macro_exact_undef.h">
      <Filter>macro\exact</Filter>
    </ClInclude>
    <ClInclude Include="..\..\..\src\base\mk_uint_base_128.h">
      <Filter>base</Filter>
    </ClInclude>
    <ClInclude Include="..\..\..\src\base\mk_uint_base_char.h">
      <Filter>base</Filter>
    </ClInclude>
    <ClInclude Include="..\..\..\src\base\mk_uint_base_int.h">
      <Filter>base</Filter>
    </ClInclude>
    <ClInclude Include="..\..\..\src\base\mk_uint_base_llong.h">
      <Filter>base</Filter>
    </ClInclude>
    <ClInclude Include="..\..\..\src\base\mk_uint_base_long.h">
      <Filter>base</Filter>
    </ClInclude>
    <ClInclude Include="..\..\..\src\base\mk_uint_base_short.h">
      <Filter>base</Filter>
    </ClInclude>
    <ClInclude Include="..\..\..\src\mk_uint_setup.h" />
  </ItemGroup>
</Project>